github.com/beefsack/go-astar v0.0.0-20200827232313-4ecf9e304482 h1:p4g4uok3+r6Tg6fxXEQUAcMAX/WdK6WhkQW9s0jaT7k=
github.com/beefsack/go-astar v0.0.0-20200827232313-4ecf9e304482/go.mod h1:Cu3t5VeqE8kXjUBeNXWQprfuaP5UCIc5ggGjgMx9KFc=
github.com/fzipp/astar v0.2.0 h1:vEmeszAm62kB02Qh/oXQNrVR8p6G00WAJIkVRJYzekc=
github.com/fzipp/astar v0.2.0/go.mod h1:1zYE8kcTMuS0g+b9Vh9lfR7t0MleOH6EneyA3esiLEc=
github.com/quasilyte/gmath v0.0.0-20230723114625-7e8674b9f7b8 h1:sn3OqS/7OZBPrhEhhtEp8nHdatc/RNODsEHNxNRpyz8=
github.com/quasilyte/gmath v0.0.0-20230723114625-7e8674b9f7b8/go.mod h1:EbI+KMbALSVE2s0YFOQpR4uj66zBh9ter5P4CBMSuvA=
github.com/quasilyte/pathing v0.0.0-20230915100554-44e61adb82ec h1:0xEwQZ0CihQ5OPd/UvlUj6k4KjdN2S9A71lxSg/uzT4=
github.com/quasilyte/pathing v0.0.0-20230915100554-44e61adb82ec/go.mod h1:ixjYf4Sk6dLp/SekkpGSqvSkODKfuZOwwi0nPR0AMTw=
github.com/s0rg/array2d v1.1.1 h1:fPZDbolqx9P0gCaD9yFTZT0TcWa6o/gK4t0YnGRpp/0=
github.com/s0rg/array2d v1.1.1/go.mod h1:XUVXpxRB1bSnngbrTAyfEcLl6GP+8OpyFLEkwvQOukI=
github.com/s0rg/grid v1.4.0 h1:h/sx1d3PBV4VEXRbbxrJu7D6119mJn2JGTV6FWpPt6c=
github.com/s0rg/grid v1.4.0/go.mod h1:eEfIXVerrL87uDd4S3sXIITHqsgO8c49Zoe0tyTbFWY=
github.com/s0rg/set v1.0.1 h1:eJ2KSRUwnIZOBtlQScgET80+jkm/ro01pn6YeZzgWp4=
github.com/s0rg/set v1.0.1/go.mod h1:aBGSm+F2mCTDjNIRR4GMB04NMqZBhtSh0tOBe/u5z5k=
github.com/s0rg/vec2d v1.1.1 h1:asdV+Iev4M5lcFwB46883k8oLku4JgNQHyI/4SHAtMo=
github.com/s0rg/vec2d v1.1.1/go.mod h1:/0pgb+2ax3mWfBZ1gb9LMMFawvmGyWpgCjk8a/ImCgg=
github.com/segmentio/fasthash v1.0.3 h1:EI9+KE1EwvMLBWwjpRDc+fEM+prwxDYbslddQGtrmhM=
github.com/segmentio/fasthash v1.0.3/go.mod h1:waKX8l2N8yckOgmSsXJi7x1ZfdKZ4x7KRMzBtS3oedY=
github.com/solarlune/paths v0.0.0-20230130082802-0494358a2ca6 h1:3MWUGu7ZFlZW8hza0dNfdLrNVTGVmggHRnIVg+G0UGE=
github.com/solarlune/paths v0.0.0-20230130082802-0494358a2ca6/go.mod h1:C5Tmb7Ct4izNi5tAKM0aj5IoUOv1FnCmN8lk/ksa0Hk=
github.com/veandco/go-sdl2 v0.4.1/go.mod h1:FB+kTpX9YTE+urhYiClnRzpOXbiWgaU3+5F2AB78DPg=
github.com/zyedidia/generic v1.2.1 h1:Zv5KS/N2m0XZZiuLS82qheRG4X1o5gsWreGb0hR7XDc=
github.com/zyedidia/generic v1.2.1/go.mod h1:ly2RBz4mnz1yeuVbQA/VFwGjK3mnHGRj1JuoG336Bis=
golang.org/x/exp v0.0.0-20230817173708-d852ddb80c63 h1:m64FZMko/V45gv0bNmrNYoDEq8U5YUhetc9cBWKS1TQ=
golang.org/x/exp v0.0.0-20230817173708-d852ddb80c63/go.mod h1:0v4NqG35kSWCMzLaMeX+IQrlSnVE/bqGSyC2cz/9Le8=
